
Microsoft Visual Studio Solution File, Format Version 12.00
# Visual Studio 14
VisualStudioVersion = 14.0.25420.1
MinimumVisualStudioVersion = 10.0.40219.1
Project("{FAE04EC0-301F-11D3-BF4B-00C04F79EFBC}") = "SpotifyG15", "SpotifyG15\SpotifyG15.csproj", "{E210289F-E317-43E0-8187-FE3F9954830A}"
EndProject
Project("{FAE04EC0-301F-11D3-BF4B-00C04F79EFBC}") = "LogitechLcdWrapper", "LogitechLcdWrapper\LogitechLcdWrapper.csproj", "{08C9A4A9-4022-429E-A1D7-85E63EB44E52}"
EndProject
Project("{FAE04EC0-301F-11D3-BF4B-00C04F79EFBC}") = "GDIDynamic", "GDIDynamic\GDIDynamic.csproj", "{FA6543F3-96D7-40DC-95FE-B38F6D60495D}"
EndProject
Project("{FAE04EC0-301F-11D3-BF4B-00C04F79EFBC}") = "MusicBeeG15", "MusicBee\MusicBeeG15.csproj", "{19BAEE41-19D4-40FA-9B12-6A8B84C926D9}"
EndProject
Project("{911E67C6-3D85-4FCE-B560-20A9C3E3FF48}") = "MusicBee", "..\..\Program Files (x86)\MusicBee\MusicBee.exe", "{35AAA3C0-C71D-4543-8B75-E647FDCC0B3F}"
	ProjectSection(DebuggerProjectSystem) = preProject
		PortSupplier = 00000000-0000-0000-0000-000000000000
		Executable = C:\Program Files (x86)\MusicBee\MusicBee.exe
		RemoteMachine = DESKTOP-RJ81RNQ
		StartingDirectory = C:\Program Files (x86)\MusicBee
		Environment = Default
		LaunchingEngine = 00000000-0000-0000-0000-000000000000
		UseLegacyDebugEngines = No
		LaunchSQLEngine = No
		AttachLaunchAction = No
	EndProjectSection
EndProject
Project("{FAE04EC0-301F-11D3-BF4B-00C04F79EFBC}") = "GDITest", "GDITest\GDITest.csproj", "{85024BDF-197C-4DB3-AAB0-AD71CDA9A8B2}"
EndProject
Project("{FAE04EC0-301F-11D3-BF4B-00C04F79EFBC}") = "SpotifyAPI", "SpotifyAPI\SpotifyAPI.csproj", "{EBBE35E2-7B91-4D7D-B8FC-3A0472F5119D}"
EndProject
Global
	GlobalSection(SolutionConfigurationPlatforms) = preSolution
		Debug|Any CPU = Debug|Any CPU
		Debug|x64 = Debug|x64
		Debug|x86 = Debug|x86
		Release|Any CPU = Release|Any CPU
		Release|x64 = Release|x64
		Release|x86 = Release|x86
	EndGlobalSection
	GlobalSection(ProjectConfigurationPlatforms) = postSolution
		{E210289F-E317-43E0-8187-FE3F9954830A}.Debug|Any CPU.ActiveCfg = Debug|Any CPU
		{E210289F-E317-43E0-8187-FE3F9954830A}.Debug|Any CPU.Build.0 = Debug|Any CPU
		{E210289F-E317-43E0-8187-FE3F9954830A}.Debug|x64.ActiveCfg = Debug|x64
		{E210289F-E317-43E0-8187-FE3F9954830A}.Debug|x64.Build.0 = Debug|x64
		{E210289F-E317-43E0-8187-FE3F9954830A}.Debug|x86.ActiveCfg = Debug|x86
		{E210289F-E317-43E0-8187-FE3F9954830A}.Debug|x86.Build.0 = Debug|x86
		{E210289F-E317-43E0-8187-FE3F9954830A}.Release|Any CPU.ActiveCfg = Release|Any CPU
		{E210289F-E317-43E0-8187-FE3F9954830A}.Release|Any CPU.Build.0 = Release|Any CPU
		{E210289F-E317-43E0-8187-FE3F9954830A}.Release|x64.ActiveCfg = Release|x64
		{E210289F-E317-43E0-8187-FE3F9954830A}.Release|x64.Build.0 = Release|x64
		{E210289F-E317-43E0-8187-FE3F9954830A}.Release|x86.ActiveCfg = Release|x86
		{E210289F-E317-43E0-8187-FE3F9954830A}.Release|x86.Build.0 = Release|x86
		{08C9A4A9-4022-429E-A1D7-85E63EB44E52}.Debug|Any CPU.ActiveCfg = Debug|Any CPU
		{08C9A4A9-4022-429E-A1D7-85E63EB44E52}.Debug|Any CPU.Build.0 = Debug|Any CPU
		{08C9A4A9-4022-429E-A1D7-85E63EB44E52}.Debug|x64.ActiveCfg = Debug|x64
		{08C9A4A9-4022-429E-A1D7-85E63EB44E52}.Debug|x64.Build.0 = Debug|x64
		{08C9A4A9-4022-429E-A1D7-85E63EB44E52}.Debug|x86.ActiveCfg = Debug|x86
		{08C9A4A9-4022-429E-A1D7-85E63EB44E52}.Debug|x86.Build.0 = Debug|x86
		{08C9A4A9-4022-429E-A1D7-85E63EB44E52}.Release|Any CPU.ActiveCfg = Release|Any CPU
		{08C9A4A9-4022-429E-A1D7-85E63EB44E52}.Release|Any CPU.Build.0 = Release|Any CPU
		{08C9A4A9-4022-429E-A1D7-85E63EB44E52}.Release|x64.ActiveCfg = Release|x64
		{08C9A4A9-4022-429E-A1D7-85E63EB44E52}.Release|x64.Build.0 = Release|x64
		{08C9A4A9-4022-429E-A1D7-85E63EB44E52}.Release|x86.ActiveCfg = Release|x86
		{08C9A4A9-4022-429E-A1D7-85E63EB44E52}.Release|x86.Build.0 = Release|x86
		{FA6543F3-96D7-40DC-95FE-B38F6D60495D}.Debug|Any CPU.ActiveCfg = Debug|Any CPU
		{FA6543F3-96D7-40DC-95FE-B38F6D60495D}.Debug|Any CPU.Build.0 = Debug|Any CPU
		{FA6543F3-96D7-40DC-95FE-B38F6D60495D}.Debug|x64.ActiveCfg = Debug|x64
		{FA6543F3-96D7-40DC-95FE-B38F6D60495D}.Debug|x64.Build.0 = Debug|x64
		{FA6543F3-96D7-40DC-95FE-B38F6D60495D}.Debug|x86.ActiveCfg = Debug|x86
		{FA6543F3-96D7-40DC-95FE-B38F6D60495D}.Debug|x86.Build.0 = Debug|x86
		{FA6543F3-96D7-40DC-95FE-B38F6D60495D}.Release|Any CPU.ActiveCfg = Release|Any CPU
		{FA6543F3-96D7-40DC-95FE-B38F6D60495D}.Release|Any CPU.Build.0 = Release|Any CPU
		{FA6543F3-96D7-40DC-95FE-B38F6D60495D}.Release|x64.ActiveCfg = Release|x64
		{FA6543F3-96D7-40DC-95FE-B38F6D60495D}.Release|x64.Build.0 = Release|x64
		{FA6543F3-96D7-40DC-95FE-B38F6D60495D}.Release|x86.ActiveCfg = Release|x86
		{FA6543F3-96D7-40DC-95FE-B38F6D60495D}.Release|x86.Build.0 = Release|x86
		{19BAEE41-19D4-40FA-9B12-6A8B84C926D9}.Debug|Any CPU.ActiveCfg = Debug|Any CPU
		{19BAEE41-19D4-40FA-9B12-6A8B84C926D9}.Debug|Any CPU.Build.0 = Debug|Any CPU
		{19BAEE41-19D4-40FA-9B12-6A8B84C926D9}.Debug|x64.ActiveCfg = Debug|x64
		{19BAEE41-19D4-40FA-9B12-6A8B84C926D9}.Debug|x64.Build.0 = Debug|x64
		{19BAEE41-19D4-40FA-9B12-6A8B84C926D9}.Debug|x86.ActiveCfg = Debug|x86
		{19BAEE41-19D4-40FA-9B12-6A8B84C926D9}.Debug|x86.Build.0 = Debug|x86
		{19BAEE41-19D4-40FA-9B12-6A8B84C926D9}.Release|Any CPU.ActiveCfg = Release|Any CPU
		{19BAEE41-19D4-40FA-9B12-6A8B84C926D9}.Release|Any CPU.Build.0 = Release|Any CPU
		{19BAEE41-19D4-40FA-9B12-6A8B84C926D9}.Release|x64.ActiveCfg = Release|x64
		{19BAEE41-19D4-40FA-9B12-6A8B84C926D9}.Release|x64.Build.0 = Release|x64
		{19BAEE41-19D4-40FA-9B12-6A8B84C926D9}.Release|x86.ActiveCfg = Release|x86
		{19BAEE41-19D4-40FA-9B12-6A8B84C926D9}.Release|x86.Build.0 = Release|x86
		{35AAA3C0-C71D-4543-8B75-E647FDCC0B3F}.Debug|Any CPU.ActiveCfg = Release
		{35AAA3C0-C71D-4543-8B75-E647FDCC0B3F}.Debug|x64.ActiveCfg = Release
		{35AAA3C0-C71D-4543-8B75-E647FDCC0B3F}.Debug|x86.ActiveCfg = Release
		{35AAA3C0-C71D-4543-8B75-E647FDCC0B3F}.Release|Any CPU.ActiveCfg = Release
		{35AAA3C0-C71D-4543-8B75-E647FDCC0B3F}.Release|x64.ActiveCfg = Release
		{35AAA3C0-C71D-4543-8B75-E647FDCC0B3F}.Release|x86.ActiveCfg = Release
		{85024BDF-197C-4DB3-AAB0-AD71CDA9A8B2}.Debug|Any CPU.ActiveCfg = Debug|Any CPU
		{85024BDF-197C-4DB3-AAB0-AD71CDA9A8B2}.Debug|Any CPU.Build.0 = Debug|Any CPU
		{85024BDF-197C-4DB3-AAB0-AD71CDA9A8B2}.Debug|x64.ActiveCfg = Debug|Any CPU
		{85024BDF-197C-4DB3-AAB0-AD71CDA9A8B2}.Debug|x64.Build.0 = Debug|Any CPU
		{85024BDF-197C-4DB3-AAB0-AD71CDA9A8B2}.Debug|x86.ActiveCfg = Debug|Any CPU
		{85024BDF-197C-4DB3-AAB0-AD71CDA9A8B2}.Debug|x86.Build.0 = Debug|Any CPU
		{85024BDF-197C-4DB3-AAB0-AD71CDA9A8B2}.Release|Any CPU.ActiveCfg = Release|Any CPU
		{85024BDF-197C-4DB3-AAB0-AD71CDA9A8B2}.Release|Any CPU.Build.0 = Release|Any CPU
		{85024BDF-197C-4DB3-AAB0-AD71CDA9A8B2}.Release|x64.ActiveCfg = Release|Any CPU
		{85024BDF-197C-4DB3-AAB0-AD71CDA9A8B2}.Release|x64.Build.0 = Release|Any CPU
		{85024BDF-197C-4DB3-AAB0-AD71CDA9A8B2}.Release|x86.ActiveCfg = Release|Any CPU
		{85024BDF-197C-4DB3-AAB0-AD71CDA9A8B2}.Release|x86.Build.0 = Release|Any CPU
		{EBBE35E2-7B91-4D7D-B8FC-3A0472F5119D}.Debug|Any CPU.ActiveCfg = Debug|Any CPU
		{EBBE35E2-7B91-4D7D-B8FC-3A0472F5119D}.Debug|Any CPU.Build.0 = Debug|Any CPU
		{EBBE35E2-7B91-4D7D-B8FC-3A0472F5119D}.Debug|x64.ActiveCfg = Debug|Any CPU
		{EBBE35E2-7B91-4D7D-B8FC-3A0472F5119D}.Debug|x64.Build.0 = Debug|Any CPU
		{EBBE35E2-7B91-4D7D-B8FC-3A0472F5119D}.Debug|x86.ActiveCfg = Debug|Any CPU
		{EBBE35E2-7B91-4D7D-B8FC-3A0472F5119D}.Debug|x86.Build.0 = Debug|Any CPU
		{EBBE35E2-7B91-4D7D-B8FC-3A0472F5119D}.Release|Any CPU.ActiveCfg = Release|Any CPU
		{EBBE35E2-7B91-4D7D-B8FC-3A0472F5119D}.Release|Any CPU.Build.0 = Release|Any CPU
		{EBBE35E2-7B91-4D7D-B8FC-3A0472F5119D}.Release|x64.ActiveCfg = Release|Any CPU
		{EBBE35E2-7B91-4D7D-B8FC-3A0472F5119D}.Release|x64.Build.0 = Release|Any CPU
		{EBBE35E2-7B91-4D7D-B8FC-3A0472F5119D}.Release|x86.ActiveCfg = Release|Any CPU
		{EBBE35E2-7B91-4D7D-B8FC-3A0472F5119D}.Release|x86.Build.0 = Release|Any CPU
	EndGlobalSection
	GlobalSection(SolutionProperties) = preSolution
		HideSolutionNode = FALSE
	EndGlobalSection
EndGlobal
